Microsoft Visual Studio Solution File, Format Version 12.00
# Visual Studio Version 17
VisualStudioVersion = 17.5.2.0
MinimumVisualStudioVersion = 10.0.40219.1
Project("{FAE04EC0-301F-11D3-BF4B-00C04F79EFBC}") = "RoguelikeConsole", "RoguelikeConsole.csproj", "{E4354071-F19A-4BBE-4300-C67E689E8727}"
EndProject
Global
	GlobalSection(SolutionConfigurationPlatforms) = preSolution
		Debug|Any CPU = Debug|Any CPU
		Release|Any CPU = Release|Any CPU
	EndGlobalSection
	GlobalSection(ProjectConfigurationPlatforms) = postSolution
		{E4354071-F19A-4BBE-4300-C67E689E8727}.Debug|Any CPU.ActiveCfg = Debug|Any CPU
		{E4354071-F19A-4BBE-4300-C67E689E8727}.Debug|Any CPU.Build.0 = Debug|Any CPU
		{E4354071-F19A-4BBE-4300-C67E689E8727}.Release|Any CPU.ActiveCfg = Release|Any CPU
		{E4354071-F19A-4BBE-4300-C67E689E8727}.Release|Any CPU.Build.0 = Release|Any CPU
	EndGlobalSection
	GlobalSection(SolutionProperties) = preSolution
		HideSolutionNode = FALSE
	EndGlobalSection
	GlobalSection(ExtensibilityGlobals) = postSolution
		SolutionGuid = {77960382-7F50-4CE5-B436-A16097987B05}
	EndGlobalSection
EndGlobal
